// !$*UTF8*$!
{
	archiveVersion = 1;
	classes = {
	};
	objectVersion = 50;
	objects = {

/* Begin PBXBuildFile section */
		E77486C126BF35020095E6CC /* HomeViewController.swift in Sources */ = {isa = PBXBuildFile; fileRef = E77486C026BF35020095E6CC /* HomeViewController.swift */; };
		E77486C326BF35BB0095E6CC /* RepoViewController.swift in Sources */ = {isa = PBXBuildFile; fileRef = E77486C226BF35BB0095E6CC /* RepoViewController.swift */; };
		E77486CA26BF420E0095E6CC /* Repository.swift in Sources */ = {isa = PBXBuildFile; fileRef = E77486C926BF420E0095E6CC /* Repository.swift */; };
		E77486CD26BF45220095E6CC /* Webservices.swift in Sources */ = {isa = PBXBuildFile; fileRef = E77486CC26BF45220095E6CC /* Webservices.swift */; };
		E77486D026BF52300095E6CC /* RepositoryViewModel.swift in Sources */ = {isa = PBXBuildFile; fileRef = E77486CF26BF52300095E6CC /* RepositoryViewModel.swift */; };
		E7BA879026BE3F5D007930D6 /* AppDelegate.swift in Sources */ = {isa = PBXBuildFile; fileRef = E7BA878F26BE3F5D007930D6 /* AppDelegate.swift */; };
		E7BA879226BE3F5D007930D6 /* SceneDelegate.swift in Sources */ = {isa = PBXBuildFile; fileRef = E7BA879126BE3F5D007930D6 /* SceneDelegate.swift */; };
		E7BA879726BE3F5D007930D6 /* Main.storyboard in Resources */ = {isa = PBXBuildFile; fileRef = E7BA879526BE3F5D007930D6 /* Main.storyboard */; };
		E7BA879A26BE3F5D007930D6 /* ELDORADO_Desafio_iOS_Vitor_Gomes.xcdatamodeld in Sources */ = {isa = PBXBuildFile; fileRef = E7BA879826BE3F5D007930D6 /* ELDORADO_Desafio_iOS_Vitor_Gomes.xcdatamodeld */; };
		E7BA879C26BE3F60007930D6 /* Assets.xcassets in Resources */ = {isa = PBXBuildFile; fileRef = E7BA879B26BE3F60007930D6 /* Assets.xcassets */; };
		E7BA879F26BE3F60007930D6 /* LaunchScreen.storyboard in Resources */ = {isa = PBXBuildFile; fileRef = E7BA879D26BE3F60007930D6 /* LaunchScreen.storyboard */; };
		E7BA87AA26BE3F60007930D6 /* ELDORADO_Desafio_iOS_Vitor_GomesTests.swift in Sources */ = {isa = PBXBuildFile; fileRef = E7BA87A926BE3F60007930D6 /* ELDORADO_Desafio_iOS_Vitor_GomesTests.swift */; };
		E7BA87B526BE3F60007930D6 /* ELDORADO_Desafio_iOS_Vitor_GomesUITests.swift in Sources */ = {isa = PBXBuildFile; fileRef = E7BA87B426BE3F60007930D6 /* ELDORADO_Desafio_iOS_Vitor_GomesUITests.swift */; };
/* End PBXBuildFile section */

/* Begin PBXContainerItemProxy section */
		E7BA87A626BE3F60007930D6 /* PBXContainerItemProxy */ = {
			isa = PBXContainerItemProxy;
			containerPortal = E7BA878426BE3F5D007930D6 /* Project object */;
			proxyType = 1;
			remoteGlobalIDString = E7BA878B26BE3F5D007930D6;
			remoteInfo = ELDORADO_Desafio_iOS_Vitor_Gomes;
		};
		E7BA87B126BE3F60007930D6 /* PBXContainerItemProxy */ = {
			isa = PBXContainerItemProxy;
			containerPortal = E7BA878426BE3F5D007930D6 /* Project object */;
			proxyType = 1;
			remoteGlobalIDString = E7BA878B26BE3F5D007930D6;
			remoteInfo = ELDORADO_Desafio_iOS_Vitor_Gomes;
		};
/* End PBXContainerItemProxy section */

/* Begin PBXFileReference section */
		E77486C026BF35020095E6CC /* HomeViewController.swift */ = {isa = PBXFileReference; lastKnownFileType = sourcecode.swift; path = HomeViewController.swift; sourceTree = "<group>"; };
		E77486C226BF35BB0095E6CC /* RepoViewController.swift */ = {isa = PBXFileReference; lastKnownFileType = sourcecode.swift; path = RepoViewController.swift; sourceTree = "<group>"; };
		E77486C926BF420E0095E6CC /* Repository.swift */ = {isa = PBXFileReference; lastKnownFileType = sourcecode.swift; path = Repository.swift; sourceTree = "<group>"; };
		E77486CC26BF45220095E6CC /* Webservices.swift */ = {isa = PBXFileReference; lastKnownFileType = sourcecode.swift; path = Webservices.swift; sourceTree = "<group>"; };
		E77486CF26BF52300095E6CC /* RepositoryViewModel.swift */ = {isa = PBXFileReference; lastKnownFileType = sourcecode.swift; path = RepositoryViewModel.swift; sourceTree = "<group>"; };
		E7BA878C26BE3F5D007930D6 /* ELDORADO_Desafio_iOS_Vitor_Gomes.app */ = {isa = PBXFileReference; explicitFileType = wrapper.application; includeInIndex = 0; path = ELDORADO_Desafio_iOS_Vitor_Gomes.app; sourceTree = BUILT_PRODUCTS_DIR; };
		E7BA878F26BE3F5D007930D6 /* AppDelegate.swift */ = {isa = PBXFileReference; lastKnownFileType = sourcecode.swift; path = AppDelegate.swift; sourceTree = "<group>"; };
		E7BA879126BE3F5D007930D6 /* SceneDelegate.swift */ = {isa = PBXFileReference; lastKnownFileType = sourcecode.swift; path = SceneDelegate.swift; sourceTree = "<group>"; };
		E7BA879626BE3F5D007930D6 /* Base */ = {isa = PBXFileReference; lastKnownFileType = file.storyboard; name = Base; path = Base.lproj/Main.storyboard; sourceTree = "<group>"; };
		E7BA879926BE3F5D007930D6 /* ELDORADO_Desafio_iOS_Vitor_Gomes.xcdatamodel */ = {isa = PBXFileReference; lastKnownFileType = wrapper.xcdatamodel; path = ELDORADO_Desafio_iOS_Vitor_Gomes.xcdatamodel; sourceTree = "<group>"; };
		E7BA879B26BE3F60007930D6 /* Assets.xcassets */ = {isa = PBXFileReference; lastKnownFileType = folder.assetcatalog; path = Assets.xcassets; sourceTree = "<group>"; };
		E7BA879E26BE3F60007930D6 /* Base */ = {isa = PBXFileReference; lastKnownFileType = file.storyboard; name = Base; path = Base.lproj/LaunchScreen.storyboard; sourceTree = "<group>"; };
		E7BA87A026BE3F60007930D6 /* Info.plist */ = {isa = PBXFileReference; lastKnownFileType = text.plist.xml; path = Info.plist; sourceTree = "<group>"; };
		E7BA87A526BE3F60007930D6 /* ELDORADO_Desafio_iOS_Vitor_GomesTests.xctest */ = {isa = PBXFileReference; explicitFileType = wrapper.cfbundle; includeInIndex = 0; path = ELDORADO_Desafio_iOS_Vitor_GomesTests.xctest; sourceTree = BUILT_PRODUCTS_DIR; };
		E7BA87A926BE3F60007930D6 /* ELDORADO_Desafio_iOS_Vitor_GomesTests.swift */ = {isa = PBXFileReference; lastKnownFileType = sourcecode.swift; path = ELDORADO_Desafio_iOS_Vitor_GomesTests.swift; sourceTree = "<group>"; };
		E7BA87AB26BE3F60007930D6 /* Info.plist */ = {isa = PBXFileReference; lastKnownFileType = text.plist.xml; path = Info.plist; sourceTree = "<group>"; };
		E7BA87B026BE3F60007930D6 /* ELDORADO_Desafio_iOS_Vitor_GomesUITests.xctest */ = {isa = PBXFileReference; explicitFileType = wrapper.cfbundle; includeInIndex = 0; path = ELDORADO_Desafio_iOS_Vitor_GomesUITests.xctest; sourceTree = BUILT_PRODUCTS_DIR; };
		E7BA87B426BE3F60007930D6 /* ELDORADO_Desafio_iOS_Vitor_GomesUITests.swift */ = {isa = PBXFileReference; lastKnownFileType = sourcecode.swift; path = ELDORADO_Desafio_iOS_Vitor_GomesUITests.swift; sourceTree = "<group>"; };
		E7BA87B626BE3F60007930D6 /* Info.plist */ = {isa = PBXFileReference; lastKnownFileType = text.plist.xml; path = Info.plist; sourceTree = "<group>"; };
/* End PBXFileReference section */

/* Begin PBXFrameworksBuildPhase section */
		E7BA878926BE3F5D007930D6 /* Frameworks */ = {
			isa = PBXFrameworksBuildPhase;
			buildActionMask = 2147483647;
			files = (
			);
			runOnlyForDeploymentPostprocessing = 0;
		};
		E7BA87A226BE3F60007930D6 /* Frameworks */ = {
			isa = PBXFrameworksBuildPhase;
			buildActionMask = 2147483647;
			files = (
			);
			runOnlyForDeploymentPostprocessing = 0;
		};
		E7BA87AD26BE3F60007930D6 /* Frameworks */ = {
			isa = PBXFrameworksBuildPhase;
			buildActionMask = 2147483647;
			files = (
			);
			runOnlyForDeploymentPostprocessing = 0;
		};
/* End PBXFrameworksBuildPhase section */

/* Begin PBXGroup section */
		E77486BF26BF34DE0095E6CC /* Controllers */ = {
			isa = PBXGroup;
			children = (
				E77486C026BF35020095E6CC /* HomeViewController.swift */,
				E77486C226BF35BB0095E6CC /* RepoViewController.swift */,
			);
			path = Controllers;
			sourceTree = "<group>";
		};
		E77486C426BF37A80095E6CC /* Views */ = {
			isa = PBXGroup;
			children = (
				E7BA879526BE3F5D007930D6 /* Main.storyboard */,
				E7BA879D26BE3F60007930D6 /* LaunchScreen.storyboard */,
			);
			path = Views;
			sourceTree = "<group>";
		};
		E77486C526BF40630095E6CC /* Delegates */ = {
			isa = PBXGroup;
			children = (
				E7BA878F26BE3F5D007930D6 /* AppDelegate.swift */,
				E7BA879126BE3F5D007930D6 /* SceneDelegate.swift */,
			);
			path = Delegates;
			sourceTree = "<group>";
		};
		E77486C626BF407D0095E6CC /* Models */ = {
			isa = PBXGroup;
			children = (
				E77486C926BF420E0095E6CC /* Repository.swift */,
			);
			path = Models;
			sourceTree = "<group>";
		};
		E77486CB26BF45050095E6CC /* Services */ = {
			isa = PBXGroup;
			children = (
				E77486CC26BF45220095E6CC /* Webservices.swift */,
			);
			path = Services;
			sourceTree = "<group>";
		};
		E77486CE26BF51F70095E6CC /* View Models */ = {
			isa = PBXGroup;
			children = (
				E77486CF26BF52300095E6CC /* RepositoryViewModel.swift */,
			);
			path = "View Models";
			sourceTree = "<group>";
		};
		E7BA878326BE3F5D007930D6 = {
			isa = PBXGroup;
			children = (
				E7BA878E26BE3F5D007930D6 /* ELDORADO_Desafio_iOS_Vitor_Gomes */,
				E7BA87A826BE3F60007930D6 /* ELDORADO_Desafio_iOS_Vitor_GomesTests */,
				E7BA87B326BE3F60007930D6 /* ELDORADO_Desafio_iOS_Vitor_GomesUITests */,
				E7BA878D26BE3F5D007930D6 /* Products */,
			);
			sourceTree = "<group>";
		};
		E7BA878D26BE3F5D007930D6 /* Products */ = {
			isa = PBXGroup;
			children = (
				E7BA878C26BE3F5D007930D6 /* ELDORADO_Desafio_iOS_Vitor_Gomes.app */,
				E7BA87A526BE3F60007930D6 /* ELDORADO_Desafio_iOS_Vitor_GomesTests.xctest */,
				E7BA87B026BE3F60007930D6 /* ELDORADO_Desafio_iOS_Vitor_GomesUITests.xctest */,
			);
			name = Products;
			sourceTree = "<group>";
		};
		E7BA878E26BE3F5D007930D6 /* ELDORADO_Desafio_iOS_Vitor_Gomes */ = {
			isa = PBXGroup;
			children = (
				E77486CE26BF51F70095E6CC /* View Models */,
				E77486CB26BF45050095E6CC /* Services */,
				E77486C626BF407D0095E6CC /* Models */,
				E77486BF26BF34DE0095E6CC /* Controllers */,
				E77486C526BF40630095E6CC /* Delegates */,
				E77486C426BF37A80095E6CC /* Views */,
				E7BA879B26BE3F60007930D6 /* Assets.xcassets */,
				E7BA87A026BE3F60007930D6 /* Info.plist */,
				E7BA879826BE3F5D007930D6 /* ELDORADO_Desafio_iOS_Vitor_Gomes.xcdatamodeld */,
			);
			path = ELDORADO_Desafio_iOS_Vitor_Gomes;
			sourceTree = "<group>";
		};
		E7BA87A826BE3F60007930D6 /* ELDORADO_Desafio_iOS_Vitor_GomesTests */ = {
			isa = PBXGroup;
			children = (
				E7BA87A926BE3F60007930D6 /* ELDORADO_Desafio_iOS_Vitor_GomesTests.swift */,
				E7BA87AB26BE3F60007930D6 /* Info.plist */,
			);
			path = ELDORADO_Desafio_iOS_Vitor_GomesTests;
			sourceTree = "<group>";
		};
		E7BA87B326BE3F60007930D6 /* ELDORADO_Desafio_iOS_Vitor_GomesUITests */ = {
			isa = PBXGroup;
			children = (
				E7BA87B426BE3F60007930D6 /* ELDORADO_Desafio_iOS_Vitor_GomesUITests.swift */,
				E7BA87B626BE3F60007930D6 /* Info.plist */,
			);
			path = ELDORADO_Desafio_iOS_Vitor_GomesUITests;
			sourceTree = "<group>";
		};
/* End PBXGroup section */

/* Begin PBXNativeTarget section */
		E7BA878B26BE3F5D007930D6 /* ELDORADO_Desafio_iOS_Vitor_Gomes */ = {
			isa = PBXNativeTarget;
			buildConfigurationList = E7BA87B926BE3F60007930D6 /* Build configuration list for PBXNativeTarget "ELDORADO_Desafio_iOS_Vitor_Gomes" */;
			buildPhases = (
				E7BA878826BE3F5D007930D6 /* Sources */,
				E7BA878926BE3F5D007930D6 /* Frameworks */,
				E7BA878A26BE3F5D007930D6 /* Resources */,
			);
			buildRules = (
			);
			dependencies = (
			);
			name = ELDORADO_Desafio_iOS_Vitor_Gomes;
			productName = ELDORADO_Desafio_iOS_Vitor_Gomes;
			productReference = E7BA878C26BE3F5D007930D6 /* ELDORADO_Desafio_iOS_Vitor_Gomes.app */;
			productType = "com.apple.product-type.application";
		};
		E7BA87A426BE3F60007930D6 /* ELDORADO_Desafio_iOS_Vitor_GomesTests */ = {
			isa = PBXNativeTarget;
			buildConfigurationList = E7BA87BC26BE3F60007930D6 /* Build configuration list for PBXNativeTarget "ELDORADO_Desafio_iOS_Vitor_GomesTests" */;
			buildPhases = (
				E7BA87A126BE3F60007930D6 /* Sources */,
				E7BA87A226BE3F60007930D6 /* Frameworks */,
				E7BA87A326BE3F60007930D6 /* Resources */,
			);
			buildRules = (
			);
			dependencies = (
				E7BA87A726BE3F60007930D6 /* PBXTargetDependency */,
			);
			name = ELDORADO_Desafio_iOS_Vitor_GomesTests;
			productName = ELDORADO_Desafio_iOS_Vitor_GomesTests;
			productReference = E7BA87A526BE3F60007930D6 /* ELDORADO_Desafio_iOS_Vitor_GomesTests.xctest */;
			productType = "com.apple.product-type.bundle.unit-test";
		};
		E7BA87AF26BE3F60007930D6 /* ELDORADO_Desafio_iOS_Vitor_GomesUITests */ = {
			isa = PBXNativeTarget;
			buildConfigurationList = E7BA87BF26BE3F60007930D6 /* Build configuration list for PBXNativeTarget "ELDORADO_Desafio_iOS_Vitor_GomesUITests" */;
			buildPhases = (
				E7BA87AC26BE3F60007930D6 /* Sources */,
				E7BA87AD26BE3F60007930D6 /* Frameworks */,
				E7BA87AE26BE3F60007930D6 /* Resources */,
			);
			buildRules = (
			);
			dependencies = (
				E7BA87B226BE3F60007930D6 /* PBXTargetDependency */,
			);
			name = ELDORADO_Desafio_iOS_Vitor_GomesUITests;
			productName = ELDORADO_Desafio_iOS_Vitor_GomesUITests;
			productReference = E7BA87B026BE3F60007930D6 /* ELDORADO_Desafio_iOS_Vitor_GomesUITests.xctest */;
			productType = "com.apple.product-type.bundle.ui-testing";
		};
/* End PBXNativeTarget section */

/* Begin PBXProject section */
		E7BA878426BE3F5D007930D6 /* Project object */ = {
			isa = PBXProject;
			attributes = {
				LastSwiftUpdateCheck = 1250;
				LastUpgradeCheck = 1250;
				TargetAttributes = {
					E7BA878B26BE3F5D007930D6 = {
						CreatedOnToolsVersion = 12.5;
					};
					E7BA87A426BE3F60007930D6 = {
						CreatedOnToolsVersion = 12.5;
						TestTargetID = E7BA878B26BE3F5D007930D6;
					};
					E7BA87AF26BE3F60007930D6 = {
						CreatedOnToolsVersion = 12.5;
						TestTargetID = E7BA878B26BE3F5D007930D6;
					};
				};
			};
			buildConfigurationList = E7BA878726BE3F5D007930D6 /* Build configuration list for PBXProject "ELDORADO_Desafio_iOS_Vitor_Gomes" */;
			compatibilityVersion = "Xcode 9.3";
			developmentRegion = en;
			hasScannedForEncodings = 0;
			knownRegions = (
				en,
				Base,
			);
			mainGroup = E7BA878326BE3F5D007930D6;
			productRefGroup = E7BA878D26BE3F5D007930D6 /* Products */;
			projectDirPath = "";
			projectRoot = "";
			targets = (
				E7BA878B26BE3F5D007930D6 /* ELDORADO_Desafio_iOS_Vitor_Gomes */,
				E7BA87A426BE3F60007930D6 /* ELDORADO_Desafio_iOS_Vitor_GomesTests */,
				E7BA87AF26BE3F60007930D6 /* ELDORADO_Desafio_iOS_Vitor_GomesUITests */,
			);
		};
/* End PBXProject section */

/* Begin PBXResourcesBuildPhase section */
		E7BA878A26BE3F5D007930D6 /* Resources */ = {
			isa = PBXResourcesBuildPhase;
			buildActionMask = 2147483647;
			files = (
				E7BA879F26BE3F60007930D6 /* LaunchScreen.storyboard in Resources */,
				E7BA879C26BE3F60007930D6 /* Assets.xcassets in Resources */,
				E7BA879726BE3F5D007930D6 /* Main.storyboard in Resources */,
			);
			runOnlyForDeploymentPostprocessing = 0;
		};
		E7BA87A326BE3F60007930D6 /* Resources */ = {
			isa = PBXResourcesBuildPhase;
			buildActionMask = 2147483647;
			files = (
			);
			runOnlyForDeploymentPostprocessing = 0;
		};
		E7BA87AE26BE3F60007930D6 /* Resources */ = {
			isa = PBXResourcesBuildPhase;
			buildActionMask = 2147483647;
			files = (
			);
			runOnlyForDeploymentPostprocessing = 0;
		};
/* End PBXResourcesBuildPhase section */

/* Begin PBXSourcesBuildPhase section */
		E7BA878826BE3F5D007930D6 /* Sources */ = {
			isa = PBXSourcesBuildPhase;
			buildActionMask = 2147483647;
			files = (
				E77486D026BF52300095E6CC /* RepositoryViewModel.swift in Sources */,
				E77486CD26BF45220095E6CC /* Webservices.swift in Sources */,
				E7BA879A26BE3F5D007930D6 /* ELDORADO_Desafio_iOS_Vitor_Gomes.xcdatamodeld in Sources */,
				E7BA879026BE3F5D007930D6 /* AppDelegate.swift in Sources */,
				E7BA879226BE3F5D007930D6 /* SceneDelegate.swift in Sources */,
				E77486C326BF35BB0095E6CC /* RepoViewController.swift in Sources */,
				E77486C126BF35020095E6CC /* HomeViewController.swift in Sources */,
				E77486CA26BF420E0095E6CC /* Repository.swift in Sources */,
			);
			runOnlyForDeploymentPostprocessing = 0;
		};
		E7BA87A126BE3F60007930D6 /* Sources */ = {
			isa = PBXSourcesBuildPhase;
			buildActionMask = 2147483647;
			files = (
				E7BA87AA26BE3F60007930D6 /* ELDORADO_Desafio_iOS_Vitor_GomesTests.swift in Sources */,
			);
			runOnlyForDeploymentPostprocessing = 0;
		};
		E7BA87AC26BE3F60007930D6 /* Sources */ = {
			isa = PBXSourcesBuildPhase;
			buildActionMask = 2147483647;
			files = (
				E7BA87B526BE3F60007930D6 /* ELDORADO_Desafio_iOS_Vitor_GomesUITests.swift in Sources */,
			);
			runOnlyForDeploymentPostprocessing = 0;
		};
/* End PBXSourcesBuildPhase section */

/* Begin PBXTargetDependency section */
		E7BA87A726BE3F60007930D6 /* PBXTargetDependency */ = {
			isa = PBXTargetDependency;
			target = E7BA878B26BE3F5D007930D6 /* ELDORADO_Desafio_iOS_Vitor_Gomes */;
			targetProxy = E7BA87A626BE3F60007930D6 /* PBXContainerItemProxy */;
		};
		E7BA87B226BE3F60007930D6 /* PBXTargetDependency */ = {
			isa = PBXTargetDependency;
			target = E7BA878B26BE3F5D007930D6 /* ELDORADO_Desafio_iOS_Vitor_Gomes */;
			targetProxy = E7BA87B126BE3F60007930D6 /* PBXContainerItemProxy */;
		};
/* End PBXTargetDependency section */

/* Begin PBXVariantGroup section */
		E7BA879526BE3F5D007930D6 /* Main.storyboard */ = {
			isa = PBXVariantGroup;
			children = (
				E7BA879626BE3F5D007930D6 /* Base */,
			);
			name = Main.storyboard;
			sourceTree = "<group>";
		};
		E7BA879D26BE3F60007930D6 /* LaunchScreen.storyboard */ = {
			isa = PBXVariantGroup;
			children = (
				E7BA879E26BE3F60007930D6 /* Base */,
			);
			name = LaunchScreen.storyboard;
			sourceTree = "<group>";
		};
/* End PBXVariantGroup section */

/* Begin XCBuildConfiguration section */
		E7BA87B726BE3F60007930D6 /* Debug */ = {
			isa = XCBuildConfiguration;
			buildSettings = {
				ALWAYS_SEARCH_USER_PATHS = NO;
				CLANG_ANALYZER_NONNULL = YES;
				CLANG_ANALYZER_NUMBER_OBJECT_CONVERSION = YES_AGGRESSIVE;
				CLANG_CXX_LANGUAGE_STANDARD = "gnu++14";
				CLANG_CXX_LIBRARY = "libc++";
				CLANG_ENABLE_MODULES = YES;
				CLANG_ENABLE_OBJC_ARC = YES;
				CLANG_ENABLE_OBJC_WEAK = YES;
				CLANG_WARN_BLOCK_CAPTURE_AUTORELEASING = YES;
				CLANG_WARN_BOOL_CONVERSION = YES;
				CLANG_WARN_COMMA = YES;
				CLANG_WARN_CONSTANT_CONVERSION = YES;
				CLANG_WARN_DEPRECATED_OBJC_IMPLEMENTATIONS = YES;
				CLANG_WARN_DIRECT_OBJC_ISA_USAGE = YES_ERROR;
				CLANG_WARN_DOCUMENTATION_COMMENTS = YES;
				CLANG_WARN_EMPTY_BODY = YES;
				CLANG_WARN_ENUM_CONVERSION = YES;
				CLANG_WARN_INFINITE_RECURSION = YES;
				CLANG_WARN_INT_CONVERSION = YES;
				CLANG_WARN_NON_LITERAL_NULL_CONVERSION = YES;
				CLANG_WARN_OBJC_IMPLICIT_RETAIN_SELF = YES;
				CLANG_WARN_OBJC_LITERAL_CONVERSION = YES;
				CLANG_WARN_OBJC_ROOT_CLASS = YES_ERROR;
				CLANG_WARN_QUOTED_INCLUDE_IN_FRAMEWORK_HEADER = YES;
				CLANG_WARN_RANGE_LOOP_ANALYSIS = YES;
				CLANG_WARN_STRICT_PROTOTYPES = YES;
				CLANG_WARN_SUSPICIOUS_MOVE = YES;
				CLANG_WARN_UNGUARDED_AVAILABILITY = YES_AGGRESSIVE;
				CLANG_WARN_UNREACHABLE_CODE = YES;
				CLANG_WARN__DUPLICATE_METHOD_MATCH = YES;
				COPY_PHASE_STRIP = NO;
				DEBUG_INFORMATION_FORMAT = dwarf;
				ENABLE_STRICT_OBJC_MSGSEND = YES;
				ENABLE_TESTABILITY = YES;
				GCC_C_LANGUAGE_STANDARD = gnu11;
				GCC_DYNAMIC_NO_PIC = NO;
				GCC_NO_COMMON_BLOCKS = YES;
				GCC_OPTIMIZATION_LEVEL = 0;
				GCC_PREPROCESSOR_DEFINITIONS = (
					"DEBUG=1",
					"$(inherited)",
				);
				GCC_WARN_64_TO_32_BIT_CONVERSION = YES;
				GCC_WARN_ABOUT_RETURN_TYPE = YES_ERROR;
				GCC_WARN_UNDECLARED_SELECTOR = YES;
				GCC_WARN_UNINITIALIZED_AUTOS = YES_AGGRESSIVE;
				GCC_WARN_UNUSED_FUNCTION = YES;
				GCC_WARN_UNUSED_VARIABLE = YES;
				IPHONEOS_DEPLOYMENT_TARGET = 14.5;
				MTL_ENABLE_DEBUG_INFO = INCLUDE_SOURCE;
				MTL_FAST_MATH = YES;
				ONLY_ACTIVE_ARCH = YES;
				SDKROOT = iphoneos;
				SWIFT_ACTIVE_COMPILATION_CONDITIONS = DEBUG;
				SWIFT_OPTIMIZATION_LEVEL = "-Onone";
			};
			name = Debug;
		};
		E7BA87B826BE3F60007930D6 /* Release */ = {
			isa = XCBuildConfiguration;
			buildSettings = {
				ALWAYS_SEARCH_USER_PATHS = NO;
				CLANG_ANALYZER_NONNULL = YES;
				CLANG_ANALYZER_NUMBER_OBJECT_CONVERSION = YES_AGGRESSIVE;
				CLANG_CXX_LANGUAGE_STANDARD = "gnu++14";
				CLANG_CXX_LIBRARY = "libc++";
				CLANG_ENABLE_MODULES = YES;
				CLANG_ENABLE_OBJC_ARC = YES;
				CLANG_ENABLE_OBJC_WEAK = YES;
				CLANG_WARN_BLOCK_CAPTURE_AUTORELEASING = YES;
				CLANG_WARN_BOOL_CONVERSION = YES;
				CLANG_WARN_COMMA = YES;
				CLANG_WARN_CONSTANT_CONVERSION = YES;
				CLANG_WARN_DEPRECATED_OBJC_IMPLEMENTATIONS = YES;
				CLANG_WARN_DIRECT_OBJC_ISA_USAGE = YES_ERROR;
				CLANG_WARN_DOCUMENTATION_COMMENTS = YES;
				CLANG_WARN_EMPTY_BODY = YES;
				CLANG_WARN_ENUM_CONVERSION = YES;
				CLANG_WARN_INFINITE_RECURSION = YES;
				CLANG_WARN_INT_CONVERSION = YES;
				CLANG_WARN_NON_LITERAL_NULL_CONVERSION = YES;
				CLANG_WARN_OBJC_IMPLICIT_RETAIN_SELF = YES;
				CLANG_WARN_OBJC_LITERAL_CONVERSION = YES;
				CLANG_WARN_OBJC_ROOT_CLASS = YES_ERROR;
				CLANG_WARN_QUOTED_INCLUDE_IN_FRAMEWORK_HEADER = YES;
				CLANG_WARN_RANGE_LOOP_ANALYSIS = YES;
				CLANG_WARN_STRICT_PROTOTYPES = YES;
				CLANG_WARN_SUSPICIOUS_MOVE = YES;
				CLANG_WARN_UNGUARDED_AVAILABILITY = YES_AGGRESSIVE;
				CLANG_WARN_UNREACHABLE_CODE = YES;
				CLANG_WARN__DUPLICATE_METHOD_MATCH = YES;
				COPY_PHASE_STRIP = NO;
				DEBUG_INFORMATION_FORMAT = "dwarf-with-dsym";
				ENABLE_NS_ASSERTIONS = NO;
				ENABLE_STRICT_OBJC_MSGSEND = YES;
				GCC_C_LANGUAGE_STANDARD = gnu11;
				GCC_NO_COMMON_BLOCKS = YES;
				GCC_WARN_64_TO_32_BIT_CONVERSION = YES;
				GCC_WARN_ABOUT_RETURN_TYPE = YES_ERROR;
				GCC_WARN_UNDECLARED_SELECTOR = YES;
				GCC_WARN_UNINITIALIZED_AUTOS = YES_AGGRESSIVE;
				GCC_WARN_UNUSED_FUNCTION = YES;
				GCC_WARN_UNUSED_VARIABLE = YES;
				IPHONEOS_DEPLOYMENT_TARGET = 14.5;
				MTL_ENABLE_DEBUG_INFO = NO;
				MTL_FAST_MATH = YES;
				SDKROOT = iphoneos;
				SWIFT_COMPILATION_MODE = wholemodule;
				SWIFT_OPTIMIZATION_LEVEL = "-O";
				VALIDATE_PRODUCT = YES;
			};
			name = Release;
		};
		E7BA87BA26BE3F60007930D6 /* Debug */ = {
			isa = XCBuildConfiguration;
			buildSettings = {
				ASSETCATALOG_COMPILER_APPICON_NAME = AppIcon;
				ASSETCATALOG_COMPILER_GLOBAL_ACCENT_COLOR_NAME = AccentColor;
				CODE_SIGN_STYLE = Automatic;
				DEVELOPMENT_TEAM = 6Z725Z7MS8;
				INFOPLIST_FILE = ELDORADO_Desafio_iOS_Vitor_Gomes/Info.plist;
				LD_RUNPATH_SEARCH_PATHS = (
					"$(inherited)",
					"@executable_path/Frameworks",
				);
				PRODUCT_BUNDLE_IDENTIFIER = "vitor.ELDORADO-Desafio-iOS-Vitor-Gomes";
				PRODUCT_NAME = "$(TARGET_NAME)";
				SWIFT_VERSION = 5.0;
				TARGETED_DEVICE_FAMILY = 1;
			};
			name = Debug;
		};
		E7BA87BB26BE3F60007930D6 /* Release */ = {
			isa = XCBuildConfiguration;
			buildSettings = {
				ASSETCATALOG_COMPILER_APPICON_NAME = AppIcon;
				ASSETCATALOG_COMPILER_GLOBAL_ACCENT_COLOR_NAME = AccentColor;
				CODE_SIGN_STYLE = Automatic;
				DEVELOPMENT_TEAM = 6Z725Z7MS8;
				INFOPLIST_FILE = ELDORADO_Desafio_iOS_Vitor_Gomes/Info.plist;
				LD_RUNPATH_SEARCH_PATHS = (
					"$(inherited)",
					"@executable_path/Frameworks",
				);
				PRODUCT_BUNDLE_IDENTIFIER = "vitor.ELDORADO-Desafio-iOS-Vitor-Gomes";
				PRODUCT_NAME = "$(TARGET_NAME)";
				SWIFT_VERSION = 5.0;
				TARGETED_DEVICE_FAMILY = 1;
			};
			name = Release;
		};
		E7BA87BD26BE3F60007930D6 /* Debug */ = {
			isa = XCBuildConfiguration;
			buildSettings = {
				ALWAYS_EMBED_SWIFT_STANDARD_LIBRARIES = YES;
				BUNDLE_LOADER = "$(TEST_HOST)";
				CODE_SIGN_STYLE = Automatic;
				DEVELOPMENT_TEAM = 6Z725Z7MS8;
				INFOPLIST_FILE = ELDORADO_Desafio_iOS_Vitor_GomesTests/Info.plist;
				IPHONEOS_DEPLOYMENT_TARGET = 14.5;
				LD_RUNPATH_SEARCH_PATHS = (
					"$(inherited)",
					"@executable_path/Frameworks",
					"@loader_path/Frameworks",
				);
				PRODUCT_BUNDLE_IDENTIFIER = "vitor.ELDORADO-Desafio-iOS-Vitor-GomesTests";
				PRODUCT_NAME = "$(TARGET_NAME)";
				SWIFT_VERSION = 5.0;
				TARGETED_DEVICE_FAMILY = "1,2";
				TEST_HOST = "$(BUILT_PRODUCTS_DIR)/ELDORADO_Desafio_iOS_Vitor_Gomes.app/ELDORADO_Desafio_iOS_Vitor_Gomes";
			};
			name = Debug;
		};
		E7BA87BE26BE3F60007930D6 /* Release */ = {
			isa = XCBuildConfiguration;
			buildSettings = {
				ALWAYS_EMBED_SWIFT_STANDARD_LIBRARIES = YES;
				BUNDLE_LOADER = "$(TEST_HOST)";
				CODE_SIGN_STYLE = Automatic;
				DEVELOPMENT_TEAM = 6Z725Z7MS8;
				INFOPLIST_FILE = ELDORADO_Desafio_iOS_Vitor_GomesTests/Info.plist;
				IPHONEOS_DEPLOYMENT_TARGET = 14.5;
				LD_RUNPATH_SEARCH_PATHS = (
					"$(inherited)",
					"@executable_path/Frameworks",
					"@loader_path/Frameworks",
				);
				PRODUCT_BUNDLE_IDENTIFIER = "vitor.ELDORADO-Desafio-iOS-Vitor-GomesTests";
				PRODUCT_NAME = "$(TARGET_NAME)";
				SWIFT_VERSION = 5.0;
				TARGETED_DEVICE_FAMILY = "1,2";
				TEST_HOST = "$(BUILT_PRODUCTS_DIR)/ELDORADO_Desafio_iOS_Vitor_Gomes.app/ELDORADO_Desafio_iOS_Vitor_Gomes";
			};
			name = Release;
		};
		E7BA87C026BE3F60007930D6 /* Debug */ = {
			isa = XCBuildConfiguration;
			buildSettings = {
				ALWAYS_EMBED_SWIFT_STANDARD_LIBRARIES = YES;
				CODE_SIGN_STYLE = Automatic;
				DEVELOPMENT_TEAM = 6Z725Z7MS8;
				INFOPLIST_FILE = ELDORADO_Desafio_iOS_Vitor_GomesUITests/Info.plist;
				LD_RUNPATH_SEARCH_PATHS = (
					"$(inherited)",
					"@executable_path/Frameworks",
					"@loader_path/Frameworks",
				);
				PRODUCT_BUNDLE_IDENTIFIER = "vitor.ELDORADO-Desafio-iOS-Vitor-GomesUITests";
				PRODUCT_NAME = "$(TARGET_NAME)";
				SWIFT_VERSION = 5.0;
				TARGETED_DEVICE_FAMILY = "1,2";
				TEST_TARGET_NAME = ELDORADO_Desafio_iOS_Vitor_Gomes;
			};
			name = Debug;
		};
		E7BA87C126BE3F60007930D6 /* Release */ = {
			isa = XCBuildConfiguration;
			buildSettings = {
				ALWAYS_EMBED_SWIFT_STANDARD_LIBRARIES = YES;
				CODE_SIGN_STYLE = Automatic;
				DEVELOPMENT_TEAM = 6Z725Z7MS8;
				INFOPLIST_FILE = ELDORADO_Desafio_iOS_Vitor_GomesUITests/Info.plist;
				LD_RUNPATH_SEARCH_PATHS = (
					"$(inherited)",
					"@executable_path/Frameworks",
					"@loader_path/Frameworks",
				);
				PRODUCT_BUNDLE_IDENTIFIER = "vitor.ELDORADO-Desafio-iOS-Vitor-GomesUITests";
				PRODUCT_NAME = "$(TARGET_NAME)";
				SWIFT_VERSION = 5.0;
				TARGETED_DEVICE_FAMILY = "1,2";
				TEST_TARGET_NAME = ELDORADO_Desafio_iOS_Vitor_Gomes;
			};
			name = Release;
		};
/* End XCBuildConfiguration section */

/* Begin XCConfigurationList section */
		E7BA878726BE3F5D007930D6 /* Build configuration list for PBXProject "ELDORADO_Desafio_iOS_Vitor_Gomes" */ = {
			isa = XCConfigurationList;
			buildConfigurations = (
				E7BA87B726BE3F60007930D6 /* Debug */,
				E7BA87B826BE3F60007930D6 /* Release */,
			);
			defaultConfigurationIsVisible = 0;
			defaultConfigurationName = Release;
		};
		E7BA87B926BE3F60007930D6 /* Build configuration list for PBXNativeTarget "ELDORADO_Desafio_iOS_Vitor_Gomes" */ = {
			isa = XCConfigurationList;
			buildConfigurations = (
				E7BA87BA26BE3F60007930D6 /* Debug */,
				E7BA87BB26BE3F60007930D6 /* Release */,
			);
			defaultConfigurationIsVisible = 0;
			defaultConfigurationName = Release;
		};
		E7BA87BC26BE3F60007930D6 /* Build configuration list for PBXNativeTarget "ELDORADO_Desafio_iOS_Vitor_GomesTests" */ = {
			isa = XCConfigurationList;
			buildConfigurations = (
				E7BA87BD26BE3F60007930D6 /* Debug */,
				E7BA87BE26BE3F60007930D6 /* Release */,
			);
			defaultConfigurationIsVisible = 0;
			defaultConfigurationName = Release;
		};
		E7BA87BF26BE3F60007930D6 /* Build configuration list for PBXNativeTarget "ELDORADO_Desafio_iOS_Vitor_GomesUITests" */ = {
			isa = XCConfigurationList;
			buildConfigurations = (
				E7BA87C026BE3F60007930D6 /* Debug */,
				E7BA87C126BE3F60007930D6 /* Release */,
			);
			defaultConfigurationIsVisible = 0;
			defaultConfigurationName = Release;
		};
/* End XCConfigurationList section */

/* Begin XCVersionGroup section */
		E7BA879826BE3F5D007930D6 /* ELDORADO_Desafio_iOS_Vitor_Gomes.xcdatamodeld */ = {
			isa = XCVersionGroup;
			children = (
				E7BA879926BE3F5D007930D6 /* ELDORADO_Desafio_iOS_Vitor_Gomes.xcdatamodel */,
			);
			currentVersion = E7BA879926BE3F5D007930D6 /* ELDORADO_Desafio_iOS_Vitor_Gomes.xcdatamodel */;
			path = ELDORADO_Desafio_iOS_Vitor_Gomes.xcdatamodeld;
			sourceTree = "<group>";
			versionGroupType = wrapper.xcdatamodel;
		};
/* End XCVersionGroup section */
	};
	rootObject = E7BA878426BE3F5D007930D6 /* Project object */;
}
